
Microsoft Visual Studio Solution File, Format Version 12.00
# Visual Studio Version 17
VisualStudioVersion = 17.14.36401.2
MinimumVisualStudioVersion = 10.0.40219.1
Project("{FAE04EC0-301F-11D3-BF4B-00C04F79EFBC}") = "Uboy.SkillGraph", "Uboy.SkillGraph.csproj", "{1DF6E088-1C2E-4B10-8748-54D915463BC2}"
EndProject
Global
	GlobalSection(SolutionConfigurationPlatforms) = preSolution
		assemblies|Any CPU = assemblies|Any CPU
		Debug|Any CPU = Debug|Any CPU
		Release|Any CPU = Release|Any CPU
	EndGlobalSection
	GlobalSection(ProjectConfigurationPlatforms) = postSolution
		{1DF6E088-1C2E-4B10-8748-54D915463BC2}.assemblies|Any CPU.ActiveCfg = assemblies|Any CPU
		{1DF6E088-1C2E-4B10-8748-54D915463BC2}.assemblies|Any CPU.Build.0 = assemblies|Any CPU
		{1DF6E088-1C2E-4B10-8748-54D915463BC2}.Debug|Any CPU.ActiveCfg = Debug|Any CPU
		{1DF6E088-1C2E-4B10-8748-54D915463BC2}.Debug|Any CPU.Build.0 = Debug|Any CPU
		{1DF6E088-1C2E-4B10-8748-54D915463BC2}.Release|Any CPU.ActiveCfg = Release|Any CPU
		{1DF6E088-1C2E-4B10-8748-54D915463BC2}.Release|Any CPU.Build.0 = Release|Any CPU
	EndGlobalSection
	GlobalSection(SolutionProperties) = preSolution
		HideSolutionNode = FALSE
	EndGlobalSection
	GlobalSection(ExtensibilityGlobals) = postSolution
		SolutionGuid = {081C488E-6E0A-42D9-ABD1-3C0D1C0B05E6}
	EndGlobalSection
EndGlobal
